{
  "name": "openweb",
  "version": "1.0.0",
  "lockfileVersion": 3,
  "requires": true,
  "packages": {
    "": {
      "name": "openweb",
      "version": "1.0.0",
      "license": "ISC",
      "dependencies": {
        "win_webview2_node": "file:../../win_webview2_node"
      }
    },
    "../../win_webview2_node": {
      "version": "1.0.0",
      "license": "ISC",
      "dependencies": {
        "prompts": "^2.4.2"
      },
      "bin": {
        "ww2_builder": "ww2_builder.mjs"
      }
    },
    "node_modules/win_webview2_node": {
      "resolved": "../../win_webview2_node",
      "link": true
    }
  }
}
